
Microsoft Visual Studio Solution File, Format Version 12.00
Project("{FAE04EC0-301F-11D3-BF4B-00C04F79EFBC}") = "API", "API\API.csproj", "{7F77C661-6D44-4C84-BFF2-A14BF45FC5EB}"
EndProject
Project("{FAE04EC0-301F-11D3-BF4B-00C04F79EFBC}") = "Application", "Application\Application.csproj", "{FA035371-4D8F-45E6-9969-42D47F2005A8}"
EndProject
Project("{FAE04EC0-301F-11D3-BF4B-00C04F79EFBC}") = "Core.Application", "Core\Core.Application\Core.Application.csproj", "{F0F2DEBE-A7FF-42C4-AAC9-323F4B8E2C96}"
EndProject
Project("{FAE04EC0-301F-11D3-BF4B-00C04F79EFBC}") = "Core.CrossCuttingConcerns", "Core\Core.CrossCuttingConcerns\Core.CrossCuttingConcerns.csproj", "{7ACAC9C6-5BEB-45C4-97F8-4B7C9664E6B1}"
EndProject
Project("{FAE04EC0-301F-11D3-BF4B-00C04F79EFBC}") = "Core.Domain", "Core\Core.Domain\Core.Domain.csproj", "{0DE394B4-4AB7-4134-8551-EE88B20CFC44}"
EndProject
Project("{FAE04EC0-301F-11D3-BF4B-00C04F79EFBC}") = "Core.ElasticSearch", "Core\Core.ElasticSearch\Core.ElasticSearch.csproj", "{8619E52B-19F0-4ED3-BCE2-83994B7D968D}"
EndProject
Project("{FAE04EC0-301F-11D3-BF4B-00C04F79EFBC}") = "Core.FlexFilter", "Core\Core.FlexFilter\Core.FlexFilter.csproj", "{BFFA3A73-0045-4698-B9EE-ED51488D6495}"
EndProject
Project("{FAE04EC0-301F-11D3-BF4B-00C04F79EFBC}") = "Core.IoC", "Core\Core.IoC\Core.IoC.csproj", "{F8479C67-5084-4C57-9B9A-A81439AA8AAC}"
EndProject
Project("{FAE04EC0-301F-11D3-BF4B-00C04F79EFBC}") = "Core.Persistence", "Core\Core.Persistence\Core.Persistence.csproj", "{B2783292-23F1-4FC3-B80C-088E0E4A9D0F}"
EndProject
Project("{FAE04EC0-301F-11D3-BF4B-00C04F79EFBC}") = "Core.Security", "Core\Core.Security\Core.Security.csproj", "{25FF5C81-114B-41AB-8EA1-B882DD4105D0}"
EndProject
Project("{FAE04EC0-301F-11D3-BF4B-00C04F79EFBC}") = "Domain", "Domain\Domain.csproj", "{34D31F88-6C34-4E3D-B87B-B064AF9DD01D}"
EndProject
Project("{FAE04EC0-301F-11D3-BF4B-00C04F79EFBC}") = "Infrastructure", "Infrastructure\Infrastructure.csproj", "{B08C8EBE-DBCB-468F-B878-26ACD1D5DACD}"
EndProject
Project("{FAE04EC0-301F-11D3-BF4B-00C04F79EFBC}") = "Persistence", "Persistence\Persistence.csproj", "{5D2D1560-0DED-4ABF-95EA-0419A8286E02}"
EndProject
Project("{2150E333-8FDC-42A3-9474-1A3956D46DE8}") = "Core", "Core", "{2F189132-ECC3-4E8F-BFDA-F3E40C63FD9E}"
EndProject
Global
	GlobalSection(SolutionConfigurationPlatforms) = preSolution
		Debug|Any CPU = Debug|Any CPU
		Release|Any CPU = Release|Any CPU
	EndGlobalSection
	GlobalSection(ProjectConfigurationPlatforms) = postSolution
		{7F77C661-6D44-4C84-BFF2-A14BF45FC5EB}.Debug|Any CPU.ActiveCfg = Debug|Any CPU
		{7F77C661-6D44-4C84-BFF2-A14BF45FC5EB}.Debug|Any CPU.Build.0 = Debug|Any CPU
		{7F77C661-6D44-4C84-BFF2-A14BF45FC5EB}.Release|Any CPU.ActiveCfg = Release|Any CPU
		{7F77C661-6D44-4C84-BFF2-A14BF45FC5EB}.Release|Any CPU.Build.0 = Release|Any CPU
		{FA035371-4D8F-45E6-9969-42D47F2005A8}.Debug|Any CPU.ActiveCfg = Debug|Any CPU
		{FA035371-4D8F-45E6-9969-42D47F2005A8}.Debug|Any CPU.Build.0 = Debug|Any CPU
		{FA035371-4D8F-45E6-9969-42D47F2005A8}.Release|Any CPU.ActiveCfg = Release|Any CPU
		{FA035371-4D8F-45E6-9969-42D47F2005A8}.Release|Any CPU.Build.0 = Release|Any CPU
		{F0F2DEBE-A7FF-42C4-AAC9-323F4B8E2C96}.Debug|Any CPU.ActiveCfg = Debug|Any CPU
		{F0F2DEBE-A7FF-42C4-AAC9-323F4B8E2C96}.Debug|Any CPU.Build.0 = Debug|Any CPU
		{F0F2DEBE-A7FF-42C4-AAC9-323F4B8E2C96}.Release|Any CPU.ActiveCfg = Release|Any CPU
		{F0F2DEBE-A7FF-42C4-AAC9-323F4B8E2C96}.Release|Any CPU.Build.0 = Release|Any CPU
		{7ACAC9C6-5BEB-45C4-97F8-4B7C9664E6B1}.Debug|Any CPU.ActiveCfg = Debug|Any CPU
		{7ACAC9C6-5BEB-45C4-97F8-4B7C9664E6B1}.Debug|Any CPU.Build.0 = Debug|Any CPU
		{7ACAC9C6-5BEB-45C4-97F8-4B7C9664E6B1}.Release|Any CPU.ActiveCfg = Release|Any CPU
		{7ACAC9C6-5BEB-45C4-97F8-4B7C9664E6B1}.Release|Any CPU.Build.0 = Release|Any CPU
		{0DE394B4-4AB7-4134-8551-EE88B20CFC44}.Debug|Any CPU.ActiveCfg = Debug|Any CPU
		{0DE394B4-4AB7-4134-8551-EE88B20CFC44}.Debug|Any CPU.Build.0 = Debug|Any CPU
		{0DE394B4-4AB7-4134-8551-EE88B20CFC44}.Release|Any CPU.ActiveCfg = Release|Any CPU
		{0DE394B4-4AB7-4134-8551-EE88B20CFC44}.Release|Any CPU.Build.0 = Release|Any CPU
		{8619E52B-19F0-4ED3-BCE2-83994B7D968D}.Debug|Any CPU.ActiveCfg = Debug|Any CPU
		{8619E52B-19F0-4ED3-BCE2-83994B7D968D}.Debug|Any CPU.Build.0 = Debug|Any CPU
		{8619E52B-19F0-4ED3-BCE2-83994B7D968D}.Release|Any CPU.ActiveCfg = Release|Any CPU
		{8619E52B-19F0-4ED3-BCE2-83994B7D968D}.Release|Any CPU.Build.0 = Release|Any CPU
		{BFFA3A73-0045-4698-B9EE-ED51488D6495}.Debug|Any CPU.ActiveCfg = Debug|Any CPU
		{BFFA3A73-0045-4698-B9EE-ED51488D6495}.Debug|Any CPU.Build.0 = Debug|Any CPU
		{BFFA3A73-0045-4698-B9EE-ED51488D6495}.Release|Any CPU.ActiveCfg = Release|Any CPU
		{BFFA3A73-0045-4698-B9EE-ED51488D6495}.Release|Any CPU.Build.0 = Release|Any CPU
		{F8479C67-5084-4C57-9B9A-A81439AA8AAC}.Debug|Any CPU.ActiveCfg = Debug|Any CPU
		{F8479C67-5084-4C57-9B9A-A81439AA8AAC}.Debug|Any CPU.Build.0 = Debug|Any CPU
		{F8479C67-5084-4C57-9B9A-A81439AA8AAC}.Release|Any CPU.ActiveCfg = Release|Any CPU
		{F8479C67-5084-4C57-9B9A-A81439AA8AAC}.Release|Any CPU.Build.0 = Release|Any CPU
		{B2783292-23F1-4FC3-B80C-088E0E4A9D0F}.Debug|Any CPU.ActiveCfg = Debug|Any CPU
		{B2783292-23F1-4FC3-B80C-088E0E4A9D0F}.Debug|Any CPU.Build.0 = Debug|Any CPU
		{B2783292-23F1-4FC3-B80C-088E0E4A9D0F}.Release|Any CPU.ActiveCfg = Release|Any CPU
		{B2783292-23F1-4FC3-B80C-088E0E4A9D0F}.Release|Any CPU.Build.0 = Release|Any CPU
		{25FF5C81-114B-41AB-8EA1-B882DD4105D0}.Debug|Any CPU.ActiveCfg = Debug|Any CPU
		{25FF5C81-114B-41AB-8EA1-B882DD4105D0}.Debug|Any CPU.Build.0 = Debug|Any CPU
		{25FF5C81-114B-41AB-8EA1-B882DD4105D0}.Release|Any CPU.ActiveCfg = Release|Any CPU
		{25FF5C81-114B-41AB-8EA1-B882DD4105D0}.Release|Any CPU.Build.0 = Release|Any CPU
		{34D31F88-6C34-4E3D-B87B-B064AF9DD01D}.Debug|Any CPU.ActiveCfg = Debug|Any CPU
		{34D31F88-6C34-4E3D-B87B-B064AF9DD01D}.Debug|Any CPU.Build.0 = Debug|Any CPU
		{34D31F88-6C34-4E3D-B87B-B064AF9DD01D}.Release|Any CPU.ActiveCfg = Release|Any CPU
		{34D31F88-6C34-4E3D-B87B-B064AF9DD01D}.Release|Any CPU.Build.0 = Release|Any CPU
		{B08C8EBE-DBCB-468F-B878-26ACD1D5DACD}.Debug|Any CPU.ActiveCfg = Debug|Any CPU
		{B08C8EBE-DBCB-468F-B878-26ACD1D5DACD}.Debug|Any CPU.Build.0 = Debug|Any CPU
		{B08C8EBE-DBCB-468F-B878-26ACD1D5DACD}.Release|Any CPU.ActiveCfg = Release|Any CPU
		{B08C8EBE-DBCB-468F-B878-26ACD1D5DACD}.Release|Any CPU.Build.0 = Release|Any CPU
		{5D2D1560-0DED-4ABF-95EA-0419A8286E02}.Debug|Any CPU.ActiveCfg = Debug|Any CPU
		{5D2D1560-0DED-4ABF-95EA-0419A8286E02}.Debug|Any CPU.Build.0 = Debug|Any CPU
		{5D2D1560-0DED-4ABF-95EA-0419A8286E02}.Release|Any CPU.ActiveCfg = Release|Any CPU
		{5D2D1560-0DED-4ABF-95EA-0419A8286E02}.Release|Any CPU.Build.0 = Release|Any CPU
	EndGlobalSection
	GlobalSection(NestedProjects) = preSolution
		{F0F2DEBE-A7FF-42C4-AAC9-323F4B8E2C96} = {2F189132-ECC3-4E8F-BFDA-F3E40C63FD9E}
		{7ACAC9C6-5BEB-45C4-97F8-4B7C9664E6B1} = {2F189132-ECC3-4E8F-BFDA-F3E40C63FD9E}
		{0DE394B4-4AB7-4134-8551-EE88B20CFC44} = {2F189132-ECC3-4E8F-BFDA-F3E40C63FD9E}
		{8619E52B-19F0-4ED3-BCE2-83994B7D968D} = {2F189132-ECC3-4E8F-BFDA-F3E40C63FD9E}
		{BFFA3A73-0045-4698-B9EE-ED51488D6495} = {2F189132-ECC3-4E8F-BFDA-F3E40C63FD9E}
		{F8479C67-5084-4C57-9B9A-A81439AA8AAC} = {2F189132-ECC3-4E8F-BFDA-F3E40C63FD9E}
		{B2783292-23F1-4FC3-B80C-088E0E4A9D0F} = {2F189132-ECC3-4E8F-BFDA-F3E40C63FD9E}
		{25FF5C81-114B-41AB-8EA1-B882DD4105D0} = {2F189132-ECC3-4E8F-BFDA-F3E40C63FD9E}
	EndGlobalSection
EndGlobal
